// !$*UTF8*$!
{
	archiveVersion = 1;
	classes = {
	};
	objectVersion = 46;
	objects = {

/* Begin PBXBuildFile section */
		E41514231E348E6200F7D600 /* CopyableLabel.swift in Sources */ = {isa = PBXBuildFile; fileRef = E41514221E348E6200F7D600 /* CopyableLabel.swift */; };
		E80C85A51E2B1D430028E6F8 /* sample.mp4 in Resources */ = {isa = PBXBuildFile; fileRef = E80C85A41E2B1D430028E6F8 /* sample.mp4 */; };
		E80C85A81E2B226E0028E6F8 /* MyPlayerController.swift in Sources */ = {isa = PBXBuildFile; fileRef = E80C85A61E2B226E0028E6F8 /* MyPlayerController.swift */; };
		E80C85A91E2B226E0028E6F8 /* MyPlayerController.xib in Resources */ = {isa = PBXBuildFile; fileRef = E80C85A71E2B226E0028E6F8 /* MyPlayerController.xib */; };
		E80C85AC1E2B78670028E6F8 /* SubtitleCell.swift in Sources */ = {isa = PBXBuildFile; fileRef = E80C85AA1E2B78670028E6F8 /* SubtitleCell.swift */; };
		E80C85AD1E2B78670028E6F8 /* SubtitleCell.xib in Resources */ = {isa = PBXBuildFile; fileRef = E80C85AB1E2B78670028E6F8 /* SubtitleCell.xib */; };
		E80C85BD1E2BA4A90028E6F8 /* 冰血暴.Fargo.S02E01.中英字幕.WEB-HR.AAC.1024X576.x264.mp4 in Resources */ = {isa = PBXBuildFile; fileRef = E80C85BB1E2BA4A90028E6F8 /* 冰血暴.Fargo.S02E01.中英字幕.WEB-HR.AAC.1024X576.x264.mp4 */; };
		E84CB0481E30D8C500FA52C2 /* regexTest in Resources */ = {isa = PBXBuildFile; fileRef = E84CB0471E30D8C500FA52C2 /* regexTest */; };
		E84CB04A1E30E0CE00FA52C2 /* Extension.swift in Sources */ = {isa = PBXBuildFile; fileRef = E84CB0491E30E0CE00FA52C2 /* Extension.swift */; };
		E8962A841E04E94D00A31ED8 /* AppDelegate.swift in Sources */ = {isa = PBXBuildFile; fileRef = E8962A831E04E94D00A31ED8 /* AppDelegate.swift */; };
		E8962A861E04E94D00A31ED8 /* ViewController.swift in Sources */ = {isa = PBXBuildFile; fileRef = E8962A851E04E94D00A31ED8 /* ViewController.swift */; };
		E8962A891E04E94D00A31ED8 /* Main.storyboard in Resources */ = {isa = PBXBuildFile; fileRef = E8962A871E04E94D00A31ED8 /* Main.storyboard */; };
		E8962A8B1E04E94D00A31ED8 /* Assets.xcassets in Resources */ = {isa = PBXBuildFile; fileRef = E8962A8A1E04E94D00A31ED8 /* Assets.xcassets */; };
		E8962A8E1E04E94D00A31ED8 /* LaunchScreen.storyboard in Resources */ = {isa = PBXBuildFile; fileRef = E8962A8C1E04E94D00A31ED8 /* LaunchScreen.storyboard */; };
		E8962A991E04E94D00A31ED8 /* MyPlayerTests.swift in Sources */ = {isa = PBXBuildFile; fileRef = E8962A981E04E94D00A31ED8 /* MyPlayerTests.swift */; };
		E8962AA41E04E94D00A31ED8 /* MyPlayerUITests.swift in Sources */ = {isa = PBXBuildFile; fileRef = E8962AA31E04E94D00A31ED8 /* MyPlayerUITests.swift */; };
		E8E172DC1E2FC04C0047C7EF /* 冰血暴.Fargo.S02E01.中英字幕.WEB-HR.AAC.1024X576.x264.srt in Resources */ = {isa = PBXBuildFile; fileRef = E8E172DB1E2FC04C0047C7EF /* 冰血暴.Fargo.S02E01.中英字幕.WEB-HR.AAC.1024X576.x264.srt */; };
/* End PBXBuildFile section */

/* Begin PBXContainerItemProxy section */
		E8962A951E04E94D00A31ED8 /* PBXContainerItemProxy */ = {
			isa = PBXContainerItemProxy;
			containerPortal = E8962A781E04E94D00A31ED8 /* Project object */;
			proxyType = 1;
			remoteGlobalIDString = E8962A7F1E04E94D00A31ED8;
			remoteInfo = MyPlayer;
		};
		E8962AA01E04E94D00A31ED8 /* PBXContainerItemProxy */ = {
			isa = PBXContainerItemProxy;
			containerPortal = E8962A781E04E94D00A31ED8 /* Project object */;
			proxyType = 1;
			remoteGlobalIDString = E8962A7F1E04E94D00A31ED8;
			remoteInfo = MyPlayer;
		};
/* End PBXContainerItemProxy section */

/* Begin PBXFileReference section */
		E41514221E348E6200F7D600 /* CopyableLabel.swift */ = {isa = PBXFileReference; fileEncoding = 4; lastKnownFileType = sourcecode.swift; path = CopyableLabel.swift; sourceTree = "<group>"; };
		E80C85A41E2B1D430028E6F8 /* sample.mp4 */ = {isa = PBXFileReference; lastKnownFileType = file; path = sample.mp4; sourceTree = "<group>"; };
		E80C85A61E2B226E0028E6F8 /* MyPlayerController.swift */ = {isa = PBXFileReference; fileEncoding = 4; lastKnownFileType = sourcecode.swift; path = MyPlayerController.swift; sourceTree = "<group>"; };
		E80C85A71E2B226E0028E6F8 /* MyPlayerController.xib */ = {isa = PBXFileReference; fileEncoding = 4; lastKnownFileType = file.xib; path = MyPlayerController.xib; sourceTree = "<group>"; };
		E80C85AA1E2B78670028E6F8 /* SubtitleCell.swift */ = {isa = PBXFileReference; fileEncoding = 4; lastKnownFileType = sourcecode.swift; path = SubtitleCell.swift; sourceTree = "<group>"; };
		E80C85AB1E2B78670028E6F8 /* SubtitleCell.xib */ = {isa = PBXFileReference; fileEncoding = 4; lastKnownFileType = file.xib; path = SubtitleCell.xib; sourceTree = "<group>"; };
		E80C85BB1E2BA4A90028E6F8 /* 冰血暴.Fargo.S02E01.中英字幕.WEB-HR.AAC.1024X576.x264.mp4 */ = {isa = PBXFileReference; lastKnownFileType = file; path = "冰血暴.Fargo.S02E01.中英字幕.WEB-HR.AAC.1024X576.x264.mp4"; sourceTree = "<group>"; };
		E84CB0471E30D8C500FA52C2 /* regexTest */ = {isa = PBXFileReference; fileEncoding = 4; lastKnownFileType = text; path = regexTest; sourceTree = "<group>"; };
		E84CB0491E30E0CE00FA52C2 /* Extension.swift */ = {isa = PBXFileReference; fileEncoding = 4; lastKnownFileType = sourcecode.swift; path = Extension.swift; sourceTree = "<group>"; };
		E8962A801E04E94D00A31ED8 /* MyPlayer.app */ = {isa = PBXFileReference; explicitFileType = wrapper.application; includeInIndex = 0; path = MyPlayer.app; sourceTree = BUILT_PRODUCTS_DIR; };
		E8962A831E04E94D00A31ED8 /* AppDelegate.swift */ = {isa = PBXFileReference; lastKnownFileType = sourcecode.swift; path = AppDelegate.swift; sourceTree = "<group>"; };
		E8962A851E04E94D00A31ED8 /* ViewController.swift */ = {isa = PBXFileReference; lastKnownFileType = sourcecode.swift; path = ViewController.swift; sourceTree = "<group>"; };
		E8962A881E04E94D00A31ED8 /* Base */ = {isa = PBXFileReference; lastKnownFileType = file.storyboard; name = Base; path = Base.lproj/Main.storyboard; sourceTree = "<group>"; };
		E8962A8A1E04E94D00A31ED8 /* Assets.xcassets */ = {isa = PBXFileReference; lastKnownFileType = folder.assetcatalog; path = Assets.xcassets; sourceTree = "<group>"; };
		E8962A8D1E04E94D00A31ED8 /* Base */ = {isa = PBXFileReference; lastKnownFileType = file.storyboard; name = Base; path = Base.lproj/LaunchScreen.storyboard; sourceTree = "<group>"; };
		E8962A8F1E04E94D00A31ED8 /* Info.plist */ = {isa = PBXFileReference; lastKnownFileType = text.plist.xml; path = Info.plist; sourceTree = "<group>"; };
		E8962A941E04E94D00A31ED8 /* MyPlayerTests.xctest */ = {isa = PBXFileReference; explicitFileType = wrapper.cfbundle; includeInIndex = 0; path = MyPlayerTests.xctest; sourceTree = BUILT_PRODUCTS_DIR; };
		E8962A981E04E94D00A31ED8 /* MyPlayerTests.swift */ = {isa = PBXFileReference; lastKnownFileType = sourcecode.swift; path = MyPlayerTests.swift; sourceTree = "<group>"; };
		E8962A9A1E04E94D00A31ED8 /* Info.plist */ = {isa = PBXFileReference; lastKnownFileType = text.plist.xml; path = Info.plist; sourceTree = "<group>"; };
		E8962A9F1E04E94D00A31ED8 /* MyPlayerUITests.xctest */ = {isa = PBXFileReference; explicitFileType = wrapper.cfbundle; includeInIndex = 0; path = MyPlayerUITests.xctest; sourceTree = BUILT_PRODUCTS_DIR; };
		E8962AA31E04E94D00A31ED8 /* MyPlayerUITests.swift */ = {isa = PBXFileReference; lastKnownFileType = sourcecode.swift; path = MyPlayerUITests.swift; sourceTree = "<group>"; };
		E8962AA51E04E94D00A31ED8 /* Info.plist */ = {isa = PBXFileReference; lastKnownFileType = text.plist.xml; path = Info.plist; sourceTree = "<group>"; };
		E8E172DB1E2FC04C0047C7EF /* 冰血暴.Fargo.S02E01.中英字幕.WEB-HR.AAC.1024X576.x264.srt */ = {isa = PBXFileReference; fileEncoding = 4; lastKnownFileType = text; path = "冰血暴.Fargo.S02E01.中英字幕.WEB-HR.AAC.1024X576.x264.srt"; sourceTree = "<group>"; };
/* End PBXFileReference section */

/* Begin PBXFrameworksBuildPhase section */
		E8962A7D1E04E94D00A31ED8 /* Frameworks */ = {
			isa = PBXFrameworksBuildPhase;
			buildActionMask = 2147483647;
			files = (
			);
			runOnlyForDeploymentPostprocessing = 0;
		};
		E8962A911E04E94D00A31ED8 /* Frameworks */ = {
			isa = PBXFrameworksBuildPhase;
			buildActionMask = 2147483647;
			files = (
			);
			runOnlyForDeploymentPostprocessing = 0;
		};
		E8962A9C1E04E94D00A31ED8 /* Frameworks */ = {
			isa = PBXFrameworksBuildPhase;
			buildActionMask = 2147483647;
			files = (
			);
			runOnlyForDeploymentPostprocessing = 0;
		};
/* End PBXFrameworksBuildPhase section */

/* Begin PBXGroup section */
		E80C85A31E2B1D430028E6F8 /* videos */ = {
			isa = PBXGroup;
			children = (
				E8E172DB1E2FC04C0047C7EF /* 冰血暴.Fargo.S02E01.中英字幕.WEB-HR.AAC.1024X576.x264.srt */,
				E80C85BB1E2BA4A90028E6F8 /* 冰血暴.Fargo.S02E01.中英字幕.WEB-HR.AAC.1024X576.x264.mp4 */,
				E80C85A41E2B1D430028E6F8 /* sample.mp4 */,
				E84CB0471E30D8C500FA52C2 /* regexTest */,
			);
			path = videos;
			sourceTree = "<group>";
		};
		E80C85AE1E2B78710028E6F8 /* subtitle */ = {
			isa = PBXGroup;
			children = (
				E80C85AA1E2B78670028E6F8 /* SubtitleCell.swift */,
				E80C85AB1E2B78670028E6F8 /* SubtitleCell.xib */,
				E80C85A61E2B226E0028E6F8 /* MyPlayerController.swift */,
				E80C85A71E2B226E0028E6F8 /* MyPlayerController.xib */,
			);
			name = subtitle;
			sourceTree = "<group>";
		};
		E8962A771E04E94D00A31ED8 = {
			isa = PBXGroup;
			children = (
				E8962A821E04E94D00A31ED8 /* MyPlayer */,
				E8962A971E04E94D00A31ED8 /* MyPlayerTests */,
				E8962AA21E04E94D00A31ED8 /* MyPlayerUITests */,
				E8962A811E04E94D00A31ED8 /* Products */,
			);
			sourceTree = "<group>";
		};
		E8962A811E04E94D00A31ED8 /* Products */ = {
			isa = PBXGroup;
			children = (
				E8962A801E04E94D00A31ED8 /* MyPlayer.app */,
				E8962A941E04E94D00A31ED8 /* MyPlayerTests.xctest */,
				E8962A9F1E04E94D00A31ED8 /* MyPlayerUITests.xctest */,
			);
			name = Products;
			sourceTree = "<group>";
		};
		E8962A821E04E94D00A31ED8 /* MyPlayer */ = {
			isa = PBXGroup;
			children = (
				E80C85AE1E2B78710028E6F8 /* subtitle */,
				E80C85A31E2B1D430028E6F8 /* videos */,
				E8962A831E04E94D00A31ED8 /* AppDelegate.swift */,
				E8962A851E04E94D00A31ED8 /* ViewController.swift */,
				E8962A871E04E94D00A31ED8 /* Main.storyboard */,
				E8962A8A1E04E94D00A31ED8 /* Assets.xcassets */,
				E8962A8C1E04E94D00A31ED8 /* LaunchScreen.storyboard */,
				E8962A8F1E04E94D00A31ED8 /* Info.plist */,
				E84CB0491E30E0CE00FA52C2 /* Extension.swift */,
				E41514221E348E6200F7D600 /* CopyableLabel.swift */,
			);
			path = MyPlayer;
			sourceTree = "<group>";
		};
		E8962A971E04E94D00A31ED8 /* MyPlayerTests */ = {
			isa = PBXGroup;
			children = (
				E8962A981E04E94D00A31ED8 /* MyPlayerTests.swift */,
				E8962A9A1E04E94D00A31ED8 /* Info.plist */,
			);
			path = MyPlayerTests;
			sourceTree = "<group>";
		};
		E8962AA21E04E94D00A31ED8 /* MyPlayerUITests */ = {
			isa = PBXGroup;
			children = (
				E8962AA31E04E94D00A31ED8 /* MyPlayerUITests.swift */,
				E8962AA51E04E94D00A31ED8 /* Info.plist */,
			);
			path = MyPlayerUITests;
			sourceTree = "<group>";
		};
/* End PBXGroup section */

/* Begin PBXNativeTarget section */
		E8962A7F1E04E94D00A31ED8 /* MyPlayer */ = {
			isa = PBXNativeTarget;
			buildConfigurationList = E8962AA81E04E94D00A31ED8 /* Build configuration list for PBXNativeTarget "MyPlayer" */;
			buildPhases = (
				E8962A7C1E04E94D00A31ED8 /* Sources */,
				E8962A7D1E04E94D00A31ED8 /* Frameworks */,
				E8962A7E1E04E94D00A31ED8 /* Resources */,
			);
			buildRules = (
			);
			dependencies = (
			);
			name = MyPlayer;
			productName = MyPlayer;
			productReference = E8962A801E04E94D00A31ED8 /* MyPlayer.app */;
			productType = "com.apple.product-type.application";
		};
		E8962A931E04E94D00A31ED8 /* MyPlayerTests */ = {
			isa = PBXNativeTarget;
			buildConfigurationList = E8962AAB1E04E94D00A31ED8 /* Build configuration list for PBXNativeTarget "MyPlayerTests" */;
			buildPhases = (
				E8962A901E04E94D00A31ED8 /* Sources */,
				E8962A911E04E94D00A31ED8 /* Frameworks */,
				E8962A921E04E94D00A31ED8 /* Resources */,
			);
			buildRules = (
			);
			dependencies = (
				E8962A961E04E94D00A31ED8 /* PBXTargetDependency */,
			);
			name = MyPlayerTests;
			productName = MyPlayerTests;
			productReference = E8962A941E04E94D00A31ED8 /* MyPlayerTests.xctest */;
			productType = "com.apple.product-type.bundle.unit-test";
		};
		E8962A9E1E04E94D00A31ED8 /* MyPlayerUITests */ = {
			isa = PBXNativeTarget;
			buildConfigurationList = E8962AAE1E04E94D00A31ED8 /* Build configuration list for PBXNativeTarget "MyPlayerUITests" */;
			buildPhases = (
				E8962A9B1E04E94D00A31ED8 /* Sources */,
				E8962A9C1E04E94D00A31ED8 /* Frameworks */,
				E8962A9D1E04E94D00A31ED8 /* Resources */,
			);
			buildRules = (
			);
			dependencies = (
				E8962AA11E04E94D00A31ED8 /* PBXTargetDependency */,
			);
			name = MyPlayerUITests;
			productName = MyPlayerUITests;
			productReference = E8962A9F1E04E94D00A31ED8 /* MyPlayerUITests.xctest */;
			productType = "com.apple.product-type.bundle.ui-testing";
		};
/* End PBXNativeTarget section */

/* Begin PBXProject section */
		E8962A781E04E94D00A31ED8 /* Project object */ = {
			isa = PBXProject;
			attributes = {
				LastSwiftUpdateCheck = 0810;
				LastUpgradeCheck = 0810;
				ORGANIZATIONNAME = "Song Bo";
				TargetAttributes = {
					E8962A7F1E04E94D00A31ED8 = {
						CreatedOnToolsVersion = 8.1;
						DevelopmentTeam = L2XU33FY6N;
						ProvisioningStyle = Automatic;
					};
					E8962A931E04E94D00A31ED8 = {
						CreatedOnToolsVersion = 8.1;
						ProvisioningStyle = Automatic;
						TestTargetID = E8962A7F1E04E94D00A31ED8;
					};
					E8962A9E1E04E94D00A31ED8 = {
						CreatedOnToolsVersion = 8.1;
						ProvisioningStyle = Automatic;
						TestTargetID = E8962A7F1E04E94D00A31ED8;
					};
				};
			};
			buildConfigurationList = E8962A7B1E04E94D00A31ED8 /* Build configuration list for PBXProject "MyPlayer" */;
			compatibilityVersion = "Xcode 3.2";
			developmentRegion = English;
			hasScannedForEncodings = 0;
			knownRegions = (
				en,
				Base,
			);
			mainGroup = E8962A771E04E94D00A31ED8;
			productRefGroup = E8962A811E04E94D00A31ED8 /* Products */;
			projectDirPath = "";
			projectRoot = "";
			targets = (
				E8962A7F1E04E94D00A31ED8 /* MyPlayer */,
				E8962A931E04E94D00A31ED8 /* MyPlayerTests */,
				E8962A9E1E04E94D00A31ED8 /* MyPlayerUITests */,
			);
		};
/* End PBXProject section */

/* Begin PBXResourcesBuildPhase section */
		E8962A7E1E04E94D00A31ED8 /* Resources */ = {
			isa = PBXResourcesBuildPhase;
			buildActionMask = 2147483647;
			files = (
				E8962A8E1E04E94D00A31ED8 /* LaunchScreen.storyboard in Resources */,
				E80C85BD1E2BA4A90028E6F8 /* 冰血暴.Fargo.S02E01.中英字幕.WEB-HR.AAC.1024X576.x264.mp4 in Resources */,
				E8E172DC1E2FC04C0047C7EF /* 冰血暴.Fargo.S02E01.中英字幕.WEB-HR.AAC.1024X576.x264.srt in Resources */,
				E84CB0481E30D8C500FA52C2 /* regexTest in Resources */,
				E8962A8B1E04E94D00A31ED8 /* Assets.xcassets in Resources */,
				E8962A891E04E94D00A31ED8 /* Main.storyboard in Resources */,
				E80C85A91E2B226E0028E6F8 /* MyPlayerController.xib in Resources */,
				E80C85A51E2B1D430028E6F8 /* sample.mp4 in Resources */,
				E80C85AD1E2B78670028E6F8 /* SubtitleCell.xib in Resources */,
			);
			runOnlyForDeploymentPostprocessing = 0;
		};
		E8962A921E04E94D00A31ED8 /* Resources */ = {
			isa = PBXResourcesBuildPhase;
			buildActionMask = 2147483647;
			files = (
			);
			runOnlyForDeploymentPostprocessing = 0;
		};
		E8962A9D1E04E94D00A31ED8 /* Resources */ = {
			isa = PBXResourcesBuildPhase;
			buildActionMask = 2147483647;
			files = (
			);
			runOnlyForDeploymentPostprocessing = 0;
		};
/* End PBXResourcesBuildPhase section */

/* Begin PBXSourcesBuildPhase section */
		E8962A7C1E04E94D00A31ED8 /* Sources */ = {
			isa = PBXSourcesBuildPhase;
			buildActionMask = 2147483647;
			files = (
				E84CB04A1E30E0CE00FA52C2 /* Extension.swift in Sources */,
				E8962A861E04E94D00A31ED8 /* ViewController.swift in Sources */,
				E80C85AC1E2B78670028E6F8 /* SubtitleCell.swift in Sources */,
				E80C85A81E2B226E0028E6F8 /* MyPlayerController.swift in Sources */,
				E8962A841E04E94D00A31ED8 /* AppDelegate.swift in Sources */,
				E41514231E348E6200F7D600 /* CopyableLabel.swift in Sources */,
			);
			runOnlyForDeploymentPostprocessing = 0;
		};
		E8962A901E04E94D00A31ED8 /* Sources */ = {
			isa = PBXSourcesBuildPhase;
			buildActionMask = 2147483647;
			files = (
				E8962A991E04E94D00A31ED8 /* MyPlayerTests.swift in Sources */,
			);
			runOnlyForDeploymentPostprocessing = 0;
		};
		E8962A9B1E04E94D00A31ED8 /* Sources */ = {
			isa = PBXSourcesBuildPhase;
			buildActionMask = 2147483647;
			files = (
				E8962AA41E04E94D00A31ED8 /* MyPlayerUITests.swift in Sources */,
			);
			runOnlyForDeploymentPostprocessing = 0;
		};
/* End PBXSourcesBuildPhase section */

/* Begin PBXTargetDependency section */
		E8962A961E04E94D00A31ED8 /* PBXTargetDependency */ = {
			isa = PBXTargetDependency;
			target = E8962A7F1E04E94D00A31ED8 /* MyPlayer */;
			targetProxy = E8962A951E04E94D00A31ED8 /* PBXContainerItemProxy */;
		};
		E8962AA11E04E94D00A31ED8 /* PBXTargetDependency */ = {
			isa = PBXTargetDependency;
			target = E8962A7F1E04E94D00A31ED8 /* MyPlayer */;
			targetProxy = E8962AA01E04E94D00A31ED8 /* PBXContainerItemProxy */;
		};
/* End PBXTargetDependency section */

/* Begin PBXVariantGroup section */
		E8962A871E04E94D00A31ED8 /* Main.storyboard */ = {
			isa = PBXVariantGroup;
			children = (
				E8962A881E04E94D00A31ED8 /* Base */,
			);
			name = Main.storyboard;
			sourceTree = "<group>";
		};
		E8962A8C1E04E94D00A31ED8 /* LaunchScreen.storyboard */ = {
			isa = PBXVariantGroup;
			children = (
				E8962A8D1E04E94D00A31ED8 /* Base */,
			);
			name = LaunchScreen.storyboard;
			sourceTree = "<group>";
		};
/* End PBXVariantGroup section */

/* Begin XCBuildConfiguration section */
		E8962AA61E04E94D00A31ED8 /* Debug */ = {
			isa = XCBuildConfiguration;
			buildSettings = {
				ALWAYS_SEARCH_USER_PATHS = NO;
				CLANG_ANALYZER_NONNULL = YES;
				CLANG_CXX_LANGUAGE_STANDARD = "gnu++0x";
				CLANG_CXX_LIBRARY = "libc++";
				CLANG_ENABLE_MODULES = YES;
				CLANG_ENABLE_OBJC_ARC = YES;
				CLANG_WARN_BOOL_CONVERSION = YES;
				CLANG_WARN_CONSTANT_CONVERSION = YES;
				CLANG_WARN_DIRECT_OBJC_ISA_USAGE = YES_ERROR;
				CLANG_WARN_DOCUMENTATION_COMMENTS = YES;
				CLANG_WARN_EMPTY_BODY = YES;
				CLANG_WARN_ENUM_CONVERSION = YES;
				CLANG_WARN_INFINITE_RECURSION = YES;
				CLANG_WARN_INT_CONVERSION = YES;
				CLANG_WARN_OBJC_ROOT_CLASS = YES_ERROR;
				CLANG_WARN_SUSPICIOUS_MOVES = YES;
				CLANG_WARN_UNREACHABLE_CODE = YES;
				CLANG_WARN__DUPLICATE_METHOD_MATCH = YES;
				"CODE_SIGN_IDENTITY[sdk=iphoneos*]" = "iPhone Developer";
				COPY_PHASE_STRIP = NO;
				DEBUG_INFORMATION_FORMAT = dwarf;
				ENABLE_STRICT_OBJC_MSGSEND = YES;
				ENABLE_TESTABILITY = YES;
				GCC_C_LANGUAGE_STANDARD = gnu99;
				GCC_DYNAMIC_NO_PIC = NO;
				GCC_NO_COMMON_BLOCKS = YES;
				GCC_OPTIMIZATION_LEVEL = 0;
				GCC_PREPROCESSOR_DEFINITIONS = (
					"DEBUG=1",
					"$(inherited)",
				);
				GCC_WARN_64_TO_32_BIT_CONVERSION = YES;
				GCC_WARN_ABOUT_RETURN_TYPE = YES_ERROR;
				GCC_WARN_UNDECLARED_SELECTOR = YES;
				GCC_WARN_UNINITIALIZED_AUTOS = YES_AGGRESSIVE;
				GCC_WARN_UNUSED_FUNCTION = YES;
				GCC_WARN_UNUSED_VARIABLE = YES;
				IPHONEOS_DEPLOYMENT_TARGET = 10.1;
				MTL_ENABLE_DEBUG_INFO = YES;
				ONLY_ACTIVE_ARCH = YES;
				SDKROOT = iphoneos;
				SWIFT_ACTIVE_COMPILATION_CONDITIONS = DEBUG;
				SWIFT_OPTIMIZATION_LEVEL = "-Onone";
				TARGETED_DEVICE_FAMILY = "1,2";
			};
			name = Debug;
		};
		E8962AA71E04E94D00A31ED8 /* Release */ = {
			isa = XCBuildConfiguration;
			buildSettings = {
				ALWAYS_SEARCH_USER_PATHS = NO;
				CLANG_ANALYZER_NONNULL = YES;
				CLANG_CXX_LANGUAGE_STANDARD = "gnu++0x";
				CLANG_CXX_LIBRARY = "libc++";
				CLANG_ENABLE_MODULES = YES;
				CLANG_ENABLE_OBJC_ARC = YES;
				CLANG_WARN_BOOL_CONVERSION = YES;
				CLANG_WARN_CONSTANT_CONVERSION = YES;
				CLANG_WARN_DIRECT_OBJC_ISA_USAGE = YES_ERROR;
				CLANG_WARN_DOCUMENTATION_COMMENTS = YES;
				CLANG_WARN_EMPTY_BODY = YES;
				CLANG_WARN_ENUM_CONVERSION = YES;
				CLANG_WARN_INFINITE_RECURSION = YES;
				CLANG_WARN_INT_CONVERSION = YES;
				CLANG_WARN_OBJC_ROOT_CLASS = YES_ERROR;
				CLANG_WARN_SUSPICIOUS_MOVES = YES;
				CLANG_WARN_UNREACHABLE_CODE = YES;
				CLANG_WARN__DUPLICATE_METHOD_MATCH = YES;
				"CODE_SIGN_IDENTITY[sdk=iphoneos*]" = "iPhone Developer";
				COPY_PHASE_STRIP = NO;
				DEBUG_INFORMATION_FORMAT = "dwarf-with-dsym";
				ENABLE_NS_ASSERTIONS = NO;
				ENABLE_STRICT_OBJC_MSGSEND = YES;
				GCC_C_LANGUAGE_STANDARD = gnu99;
				GCC_NO_COMMON_BLOCKS = YES;
				GCC_WARN_64_TO_32_BIT_CONVERSION = YES;
				GCC_WARN_ABOUT_RETURN_TYPE = YES_ERROR;
				GCC_WARN_UNDECLARED_SELECTOR = YES;
				GCC_WARN_UNINITIALIZED_AUTOS = YES_AGGRESSIVE;
				GCC_WARN_UNUSED_FUNCTION = YES;
				GCC_WARN_UNUSED_VARIABLE = YES;
				IPHONEOS_DEPLOYMENT_TARGET = 10.1;
				MTL_ENABLE_DEBUG_INFO = NO;
				SDKROOT = iphoneos;
				SWIFT_OPTIMIZATION_LEVEL = "-Owholemodule";
				TARGETED_DEVICE_FAMILY = "1,2";
				VALIDATE_PRODUCT = YES;
			};
			name = Release;
		};
		E8962AA91E04E94D00A31ED8 /* Debug */ = {
			isa = XCBuildConfiguration;
			buildSettings = {
				ASSETCATALOG_COMPILER_APPICON_NAME = AppIcon;
				DEVELOPMENT_TEAM = L2XU33FY6N;
				INFOPLIST_FILE = MyPlayer/Info.plist;
				LD_RUNPATH_SEARCH_PATHS = "$(inherited) @executable_path/Frameworks";
				PRODUCT_BUNDLE_IDENTIFIER = duckandswan.MyPlayer;
				PRODUCT_NAME = "$(TARGET_NAME)";
				SWIFT_VERSION = 3.0;
			};
			name = Debug;
		};
		E8962AAA1E04E94D00A31ED8 /* Release */ = {
			isa = XCBuildConfiguration;
			buildSettings = {
				ASSETCATALOG_COMPILER_APPICON_NAME = AppIcon;
				DEVELOPMENT_TEAM = L2XU33FY6N;
				INFOPLIST_FILE = MyPlayer/Info.plist;
				LD_RUNPATH_SEARCH_PATHS = "$(inherited) @executable_path/Frameworks";
				PRODUCT_BUNDLE_IDENTIFIER = duckandswan.MyPlayer;
				PRODUCT_NAME = "$(TARGET_NAME)";
				SWIFT_VERSION = 3.0;
			};
			name = Release;
		};
		E8962AAC1E04E94D00A31ED8 /* Debug */ = {
			isa = XCBuildConfiguration;
			buildSettings = {
				ALWAYS_EMBED_SWIFT_STANDARD_LIBRARIES = YES;
				BUNDLE_LOADER = "$(TEST_HOST)";
				INFOPLIST_FILE = MyPlayerTests/Info.plist;
				LD_RUNPATH_SEARCH_PATHS = "$(inherited) @executable_path/Frameworks @loader_path/Frameworks";
				PRODUCT_BUNDLE_IDENTIFIER = duckandswan.MyPlayerTests;
				PRODUCT_NAME = "$(TARGET_NAME)";
				SWIFT_VERSION = 3.0;
				TEST_HOST = "$(BUILT_PRODUCTS_DIR)/MyPlayer.app/MyPlayer";
			};
			name = Debug;
		};
		E8962AAD1E04E94D00A31ED8 /* Release */ = {
			isa = XCBuildConfiguration;
			buildSettings = {
				ALWAYS_EMBED_SWIFT_STANDARD_LIBRARIES = YES;
				BUNDLE_LOADER = "$(TEST_HOST)";
				INFOPLIST_FILE = MyPlayerTests/Info.plist;
				LD_RUNPATH_SEARCH_PATHS = "$(inherited) @executable_path/Frameworks @loader_path/Frameworks";
				PRODUCT_BUNDLE_IDENTIFIER = duckandswan.MyPlayerTests;
				PRODUCT_NAME = "$(TARGET_NAME)";
				SWIFT_VERSION = 3.0;
				TEST_HOST = "$(BUILT_PRODUCTS_DIR)/MyPlayer.app/MyPlayer";
			};
			name = Release;
		};
		E8962AAF1E04E94D00A31ED8 /* Debug */ = {
			isa = XCBuildConfiguration;
			buildSettings = {
				ALWAYS_EMBED_SWIFT_STANDARD_LIBRARIES = YES;
				INFOPLIST_FILE = MyPlayerUITests/Info.plist;
				LD_RUNPATH_SEARCH_PATHS = "$(inherited) @executable_path/Frameworks @loader_path/Frameworks";
				PRODUCT_BUNDLE_IDENTIFIER = duckandswan.MyPlayerUITests;
				PRODUCT_NAME = "$(TARGET_NAME)";
				SWIFT_VERSION = 3.0;
				TEST_TARGET_NAME = MyPlayer;
			};
			name = Debug;
		};
		E8962AB01E04E94D00A31ED8 /* Release */ = {
			isa = XCBuildConfiguration;
			buildSettings = {
				ALWAYS_EMBED_SWIFT_STANDARD_LIBRARIES = YES;
				INFOPLIST_FILE = MyPlayerUITests/Info.plist;
				LD_RUNPATH_SEARCH_PATHS = "$(inherited) @executable_path/Frameworks @loader_path/Frameworks";
				PRODUCT_BUNDLE_IDENTIFIER = duckandswan.MyPlayerUITests;
				PRODUCT_NAME = "$(TARGET_NAME)";
				SWIFT_VERSION = 3.0;
				TEST_TARGET_NAME = MyPlayer;
			};
			name = Release;
		};
/* End XCBuildConfiguration section */

/* Begin XCConfigurationList section */
		E8962A7B1E04E94D00A31ED8 /* Build configuration list for PBXProject "MyPlayer" */ = {
			isa = XCConfigurationList;
			buildConfigurations = (
				E8962AA61E04E94D00A31ED8 /* Debug */,
				E8962AA71E04E94D00A31ED8 /* Release */,
			);
			defaultConfigurationIsVisible = 0;
			defaultConfigurationName = Release;
		};
		E8962AA81E04E94D00A31ED8 /* Build configuration list for PBXNativeTarget "MyPlayer" */ = {
			isa = XCConfigurationList;
			buildConfigurations = (
				E8962AA91E04E94D00A31ED8 /* Debug */,
				E8962AAA1E04E94D00A31ED8 /* Release */,
			);
			defaultConfigurationIsVisible = 0;
			defaultConfigurationName = Release;
		};
		E8962AAB1E04E94D00A31ED8 /* Build configuration list for PBXNativeTarget "MyPlayerTests" */ = {
			isa = XCConfigurationList;
			buildConfigurations = (
				E8962AAC1E04E94D00A31ED8 /* Debug */,
				E8962AAD1E04E94D00A31ED8 /* Release */,
			);
			defaultConfigurationIsVisible = 0;
			defaultConfigurationName = Release;
		};
		E8962AAE1E04E94D00A31ED8 /* Build configuration list for PBXNativeTarget "MyPlayerUITests" */ = {
			isa = XCConfigurationList;
			buildConfigurations = (
				E8962AAF1E04E94D00A31ED8 /* Debug */,
				E8962AB01E04E94D00A31ED8 /* Release */,
			);
			defaultConfigurationIsVisible = 0;
			defaultConfigurationName = Release;
		};
/* End XCConfigurationList section */
	};
	rootObject = E8962A781E04E94D00A31ED8 /* Project object */;
}
